{
  "name": "JEUX DE CARTE SERIEUX",
  "lockfileVersion": 3,
  "requires": true,
  "packages": {
    "": {
      "dependencies": {
        "canvas-confetti": "^1.9.1"
      }
    },
    "node_modules/canvas-confetti": {
      "version": "1.9.1",
      "resolved": "https://registry.npmjs.org/canvas-confetti/-/canvas-confetti-1.9.1.tgz",
      "integrity": "sha512-jieDCn9OnPgFu5q+rbOGUmIGOjzgOnecW1/6KH07kAFAMwOczcTc4clde9pdyUPIAd/2wxZ8C5u7mBAcOpGK8Q==",
      "funding": {
        "type": "donate",
        "url": "https://www.paypal.me/kirilvatev"
      }
    }
  }
}
